
Microsoft Visual Studio Solution File, Format Version 12.00
# Visual Studio Version 17
VisualStudioVersion = 17.9.34723.18
MinimumVisualStudioVersion = 10.0.40219.1
Project("{9A19103F-16F7-4668-BE54-9A1E7A4F7556}") = "Show video frontend", "Show video frontend.csproj", "{D1F5EAA2-13E7-44E0-BA32-43D8A65F7057}"
	ProjectSection(ProjectDependencies) = postProject
		{2DB038FD-BEE2-49F9-8276-14C7142A861D} = {2DB038FD-BEE2-49F9-8276-14C7142A861D}
		{41C3A39E-C262-4ECA-91F8-49907D9FEAAD} = {41C3A39E-C262-4ECA-91F8-49907D9FEAAD}
		{9B6D650E-6878-4B53-8226-09BAF4327DEB} = {9B6D650E-6878-4B53-8226-09BAF4327DEB}
		{BA99EFBE-6329-46F4-9776-EAFAE9557DED} = {BA99EFBE-6329-46F4-9776-EAFAE9557DED}
	EndProjectSection
EndProject
Project("{8BC9CEB8-8B4A-11D0-8D11-00A0C91BC942}") = "DrawVideoCLR", "..\DrawVideoCLR\DrawVideoCLR.vcxproj", "{41C3A39E-C262-4ECA-91F8-49907D9FEAAD}"
	ProjectSection(ProjectDependencies) = postProject
		{2DB038FD-BEE2-49F9-8276-14C7142A861D} = {2DB038FD-BEE2-49F9-8276-14C7142A861D}
		{9B6D650E-6878-4B53-8226-09BAF4327DEB} = {9B6D650E-6878-4B53-8226-09BAF4327DEB}
		{BA99EFBE-6329-46F4-9776-EAFAE9557DED} = {BA99EFBE-6329-46F4-9776-EAFAE9557DED}
	EndProjectSection
EndProject
Project("{8BC9CEB8-8B4A-11D0-8D11-00A0C91BC942}") = "FileFrameGetter", "..\FileFrameGetter\FileFrameGetter.vcxproj", "{BA99EFBE-6329-46F4-9776-EAFAE9557DED}"
	ProjectSection(ProjectDependencies) = postProject
		{2DB038FD-BEE2-49F9-8276-14C7142A861D} = {2DB038FD-BEE2-49F9-8276-14C7142A861D}
	EndProjectSection
EndProject
Project("{8BC9CEB8-8B4A-11D0-8D11-00A0C91BC942}") = "MFormat wrappers", "..\MFormat wrappers\MFormat wrappers.vcxproj", "{2DB038FD-BEE2-49F9-8276-14C7142A861D}"
EndProject
Project("{8BC9CEB8-8B4A-11D0-8D11-00A0C91BC942}") = "WebCamFrameGetter", "..\WebCamFrameGetter\WebCamFrameGetter.vcxproj", "{9B6D650E-6878-4B53-8226-09BAF4327DEB}"
	ProjectSection(ProjectDependencies) = postProject
		{2DB038FD-BEE2-49F9-8276-14C7142A861D} = {2DB038FD-BEE2-49F9-8276-14C7142A861D}
	EndProjectSection
EndProject
Global
	GlobalSection(SolutionConfigurationPlatforms) = preSolution
		Debug|Any CPU = Debug|Any CPU
		Debug|x64 = Debug|x64
		Debug|x86 = Debug|x86
		Release|Any CPU = Release|Any CPU
		Release|x64 = Release|x64
		Release|x86 = Release|x86
	EndGlobalSection
	GlobalSection(ProjectConfigurationPlatforms) = postSolution
		{D1F5EAA2-13E7-44E0-BA32-43D8A65F7057}.Debug|Any CPU.ActiveCfg = Debug|Any CPU
		{D1F5EAA2-13E7-44E0-BA32-43D8A65F7057}.Debug|Any CPU.Build.0 = Debug|Any CPU
		{D1F5EAA2-13E7-44E0-BA32-43D8A65F7057}.Debug|x64.ActiveCfg = Debug|x64
		{D1F5EAA2-13E7-44E0-BA32-43D8A65F7057}.Debug|x64.Build.0 = Debug|x64
		{D1F5EAA2-13E7-44E0-BA32-43D8A65F7057}.Debug|x86.ActiveCfg = Debug|Any CPU
		{D1F5EAA2-13E7-44E0-BA32-43D8A65F7057}.Debug|x86.Build.0 = Debug|Any CPU
		{D1F5EAA2-13E7-44E0-BA32-43D8A65F7057}.Release|Any CPU.ActiveCfg = Release|Any CPU
		{D1F5EAA2-13E7-44E0-BA32-43D8A65F7057}.Release|Any CPU.Build.0 = Release|Any CPU
		{D1F5EAA2-13E7-44E0-BA32-43D8A65F7057}.Release|x64.ActiveCfg = Release|x64
		{D1F5EAA2-13E7-44E0-BA32-43D8A65F7057}.Release|x64.Build.0 = Release|x64
		{D1F5EAA2-13E7-44E0-BA32-43D8A65F7057}.Release|x86.ActiveCfg = Release|Any CPU
		{D1F5EAA2-13E7-44E0-BA32-43D8A65F7057}.Release|x86.Build.0 = Release|Any CPU
		{41C3A39E-C262-4ECA-91F8-49907D9FEAAD}.Debug|Any CPU.ActiveCfg = Debug|x64
		{41C3A39E-C262-4ECA-91F8-49907D9FEAAD}.Debug|Any CPU.Build.0 = Debug|x64
		{41C3A39E-C262-4ECA-91F8-49907D9FEAAD}.Debug|x64.ActiveCfg = Debug|x64
		{41C3A39E-C262-4ECA-91F8-49907D9FEAAD}.Debug|x64.Build.0 = Debug|x64
		{41C3A39E-C262-4ECA-91F8-49907D9FEAAD}.Debug|x86.ActiveCfg = Debug|Win32
		{41C3A39E-C262-4ECA-91F8-49907D9FEAAD}.Debug|x86.Build.0 = Debug|Win32
		{41C3A39E-C262-4ECA-91F8-49907D9FEAAD}.Release|Any CPU.ActiveCfg = Release|x64
		{41C3A39E-C262-4ECA-91F8-49907D9FEAAD}.Release|Any CPU.Build.0 = Release|x64
		{41C3A39E-C262-4ECA-91F8-49907D9FEAAD}.Release|x64.ActiveCfg = Release|x64
		{41C3A39E-C262-4ECA-91F8-49907D9FEAAD}.Release|x64.Build.0 = Release|x64
		{41C3A39E-C262-4ECA-91F8-49907D9FEAAD}.Release|x86.ActiveCfg = Release|Win32
		{41C3A39E-C262-4ECA-91F8-49907D9FEAAD}.Release|x86.Build.0 = Release|Win32
		{BA99EFBE-6329-46F4-9776-EAFAE9557DED}.Debug|Any CPU.ActiveCfg = Debug|x64
		{BA99EFBE-6329-46F4-9776-EAFAE9557DED}.Debug|Any CPU.Build.0 = Debug|x64
		{BA99EFBE-6329-46F4-9776-EAFAE9557DED}.Debug|x64.ActiveCfg = Debug|x64
		{BA99EFBE-6329-46F4-9776-EAFAE9557DED}.Debug|x64.Build.0 = Debug|x64
		{BA99EFBE-6329-46F4-9776-EAFAE9557DED}.Debug|x86.ActiveCfg = Debug|Win32
		{BA99EFBE-6329-46F4-9776-EAFAE9557DED}.Debug|x86.Build.0 = Debug|Win32
		{BA99EFBE-6329-46F4-9776-EAFAE9557DED}.Release|Any CPU.ActiveCfg = Release|x64
		{BA99EFBE-6329-46F4-9776-EAFAE9557DED}.Release|Any CPU.Build.0 = Release|x64
		{BA99EFBE-6329-46F4-9776-EAFAE9557DED}.Release|x64.ActiveCfg = Release|x64
		{BA99EFBE-6329-46F4-9776-EAFAE9557DED}.Release|x64.Build.0 = Release|x64
		{BA99EFBE-6329-46F4-9776-EAFAE9557DED}.Release|x86.ActiveCfg = Release|Win32
		{BA99EFBE-6329-46F4-9776-EAFAE9557DED}.Release|x86.Build.0 = Release|Win32
		{2DB038FD-BEE2-49F9-8276-14C7142A861D}.Debug|Any CPU.ActiveCfg = Debug|x64
		{2DB038FD-BEE2-49F9-8276-14C7142A861D}.Debug|Any CPU.Build.0 = Debug|x64
		{2DB038FD-BEE2-49F9-8276-14C7142A861D}.Debug|x64.ActiveCfg = Debug|x64
		{2DB038FD-BEE2-49F9-8276-14C7142A861D}.Debug|x64.Build.0 = Debug|x64
		{2DB038FD-BEE2-49F9-8276-14C7142A861D}.Debug|x86.ActiveCfg = Debug|Win32
		{2DB038FD-BEE2-49F9-8276-14C7142A861D}.Debug|x86.Build.0 = Debug|Win32
		{2DB038FD-BEE2-49F9-8276-14C7142A861D}.Release|Any CPU.ActiveCfg = Release|x64
		{2DB038FD-BEE2-49F9-8276-14C7142A861D}.Release|Any CPU.Build.0 = Release|x64
		{2DB038FD-BEE2-49F9-8276-14C7142A861D}.Release|x64.ActiveCfg = Release|x64
		{2DB038FD-BEE2-49F9-8276-14C7142A861D}.Release|x64.Build.0 = Release|x64
		{2DB038FD-BEE2-49F9-8276-14C7142A861D}.Release|x86.ActiveCfg = Release|Win32
		{2DB038FD-BEE2-49F9-8276-14C7142A861D}.Release|x86.Build.0 = Release|Win32
		{9B6D650E-6878-4B53-8226-09BAF4327DEB}.Debug|Any CPU.ActiveCfg = Debug|x64
		{9B6D650E-6878-4B53-8226-09BAF4327DEB}.Debug|Any CPU.Build.0 = Debug|x64
		{9B6D650E-6878-4B53-8226-09BAF4327DEB}.Debug|x64.ActiveCfg = Debug|x64
		{9B6D650E-6878-4B53-8226-09BAF4327DEB}.Debug|x64.Build.0 = Debug|x64
		{9B6D650E-6878-4B53-8226-09BAF4327DEB}.Debug|x86.ActiveCfg = Debug|Win32
		{9B6D650E-6878-4B53-8226-09BAF4327DEB}.Debug|x86.Build.0 = Debug|Win32
		{9B6D650E-6878-4B53-8226-09BAF4327DEB}.Release|Any CPU.ActiveCfg = Release|x64
		{9B6D650E-6878-4B53-8226-09BAF4327DEB}.Release|Any CPU.Build.0 = Release|x64
		{9B6D650E-6878-4B53-8226-09BAF4327DEB}.Release|x64.ActiveCfg = Release|x64
		{9B6D650E-6878-4B53-8226-09BAF4327DEB}.Release|x64.Build.0 = Release|x64
		{9B6D650E-6878-4B53-8226-09BAF4327DEB}.Release|x86.ActiveCfg = Release|Win32
		{9B6D650E-6878-4B53-8226-09BAF4327DEB}.Release|x86.Build.0 = Release|Win32
	EndGlobalSection
	GlobalSection(SolutionProperties) = preSolution
		HideSolutionNode = FALSE
	EndGlobalSection
	GlobalSection(ExtensibilityGlobals) = postSolution
		SolutionGuid = {E2E52EA7-6E2E-4BD5-8C0D-6901A8760B9F}
	EndGlobalSection
EndGlobal
